{
  "version": 4,
  "terraform_version": "1.5.7",
  "serial": 674,
  "lineage": "7c85875d-db49-d7ec-4f90-4a9266de6d77",
  "outputs": {},
  "resources": [
    {
      "module": "module.GKE",
      "mode": "managed",
      "type": "google_container_cluster",
      "name": "privatecluster",
      "provider": "provider[\"registry.terraform.io/hashicorp/google\"]",
      "instances": [
        {
          "schema_version": 2,
          "attributes": {
            "addons_config": [
              {
                "cloudrun_config": [],
                "config_connector_config": [],
                "dns_cache_config": [],
                "gce_persistent_disk_csi_driver_config": [
                  {
                    "enabled": true
                  }
                ],
                "gcp_filestore_csi_driver_config": [],
                "gcs_fuse_csi_driver_config": [],
                "gke_backup_agent_config": [],
                "horizontal_pod_autoscaling": [],
                "http_load_balancing": [],
                "network_policy_config": [
                  {
                    "disabled": true
                  }
                ]
              }
            ],
            "allow_net_admin": null,
            "authenticator_groups_config": [],
            "binary_authorization": [
              {
                "enabled": false,
                "evaluation_mode": ""
              }
            ],
            "cluster_autoscaling": [
              {
                "auto_provisioning_defaults": [],
                "enabled": false,
                "resource_limits": []
              }
            ],
            "cluster_ipv4_cidr": "10.80.0.0/14",
            "confidential_nodes": [],
            "cost_management_config": [],
            "database_encryption": [
              {
                "key_name": "",
                "state": "DECRYPTED"
              }
            ],
            "datapath_provider": "",
            "default_max_pods_per_node": 110,
            "default_snat_status": [
              {
                "disabled": false
              }
            ],
            "deletion_protection": false,
            "description": "",
            "dns_config": [],
            "enable_autopilot": false,
            "enable_intranode_visibility": false,
            "enable_k8s_beta_apis": [],
            "enable_kubernetes_alpha": false,
            "enable_l4_ilb_subsetting": false,
            "enable_legacy_abac": false,
            "enable_shielded_nodes": true,
            "enable_tpu": false,
            "endpoint": "172.16.0.2",
            "gateway_api_config": [],
            "id": "projects/amira-gcp-402316/locations/us-east4/clusters/private-cluster",
            "initial_node_count": 1,
            "ip_allocation_policy": [
              {
                "additional_pod_ranges_config": [],
                "cluster_ipv4_cidr_block": "10.80.0.0/14",
                "cluster_secondary_range_name": "gke-private-cluster-pods-cfbcbf22",
                "pod_cidr_overprovision_config": [
                  {
                    "disabled": false
                  }
                ],
                "services_ipv4_cidr_block": "10.84.0.0/20",
                "services_secondary_range_name": "gke-private-cluster-services-cfbcbf22",
                "stack_type": "IPV4"
              }
            ],
            "label_fingerprint": "a9dc16a7",
            "location": "us-east4",
            "logging_config": [
              {
                "enable_components": [
                  "SYSTEM_COMPONENTS",
                  "WORKLOADS"
                ]
              }
            ],
            "logging_service": "logging.googleapis.com/kubernetes",
            "maintenance_policy": [],
            "master_auth": [
              {
                "client_certificate": "",
                "client_certificate_config": [
                  {
                    "issue_client_certificate": false
                  }
                ],
                "client_key": "",
                "cluster_ca_certificate": "LS0tLS1CRUdJTiBDRVJUSUZJQ0FURS0tLS0tCk1JSUVMRENDQXBTZ0F3SUJBZ0lRWXlkZGlOTmpibWJYYVdkRGg3N0tWekFOQmdrcWhraUc5dzBCQVFzRkFEQXYKTVMwd0t3WURWUVFERXlRek9UbGhPRFU0TnkweU5HRTBMVFF4TURjdE9XRm1NUzAwTURVd05XUXpPR1psTldVdwpJQmNOTWpNeE1ESTFNREV5TWpFeFdoZ1BNakExTXpFd01UY3dNakl5TVRGYU1DOHhMVEFyQmdOVkJBTVRKRE01Ck9XRTROVGczTFRJMFlUUXROREV3TnkwNVlXWXhMVFF3TlRBMVpETTRabVUxWlRDQ0FhSXdEUVlKS29aSWh2Y04KQVFFQkJRQURnZ0dQQURDQ0FZb0NnZ0dCQUxKL0dXNDVXTGpLN24rT293bkEvZlZjN2tJV1VnODVVWDNGSGxIWQo4T0RHVDhGUlZtVDBCenRPVzl6c0liTTQzcjluVEJrL3RRajZFNmZ2ZGZFcDllNGsrdjF0SWNQNHRIK0kydXA0CmFzblI2M3FOL20zY2d0TTQzMXByM2R1RXhaU2RhaVZNWHpNSUp3dVFpb0pLN0dzdUdoa2VUNE9uTlg0cURkMmUKTW16WDRNWVZlWVVCQ0x4UnVWUm00Ti9BQ0VDZHQvSTlvV0xCS2hGWTQveFZJaDc4Z2tUYkhSb1dFMHJ3KzVDMwpKNm1LcEh4d0RzMlF4QWMwbDBBMjExcmtFNXNzR1N1L0JDTGxCcm1EbzIrQS85bDZQYkN0bFZCMnp6UWN2Kzc4ClFuaGF4bHN1L3MvOHUvc2MxVWk0MEdMQU5iR0pWeTFMQzIram5vRFBQUFMzYmRxTHIzQkdiVjBxTkF0YjJTWFgKcExDdk5rMjJ3RjNPYzhUdXFrTC9rOC9NNjBuV3FyWmNnNUE1NFpDVXp3SERUak9tU1pLWmhxMG4rTml4dU5YTApzRC9KWGU1UU1kcUtiZzZEamMwWUFWcjBYTGt6ZWJGYTl3M1Q2UU45KzloQjZ5N2Fpdmh4ZWtVZS9Mbm5HSWRDCnFMZytoajh0aW9NZ1RDcFdndFE0WENTRzR3SURBUUFCbzBJd1FEQU9CZ05WSFE4QkFmOEVCQU1DQWdRd0R3WUQKVlIwVEFRSC9CQVV3QXdFQi96QWRCZ05WSFE0RUZnUVU5QWgyY2o1Y2M5SVgzeE1OSWJwOVlsb3paR1F3RFFZSgpLb1pJaHZjTkFRRUxCUUFEZ2dHQkFBTkxacVNkbHdHa3BUZ3IxR2RFSUplY2QvVmM2NW4wMkZ1TDdFUUhqZTFGCis4ZGdiRzBqVG8yQUgyWFlSSU9TZEVQbWw2TFp5ejdkTEp2YTdxMHJHc0JtODNOdTF0SmxvaEoyUkcxTklTZ1cKUXFBb3RtM1dNenpvZ1BzT1RZeVFoWmcxVkU1U3FwQU1LQXVpVlRWUHR1OUgzR2s1T1M4eW0wQ2ZHN0t2cHk3QQpETlZUdzZIZWpPVElDYVdZOFFOZnZleEhNeHM0RkdqalpMRGJxYTdwRjFWc3V4a2R6ZVMvckZzMi9iMnJELzI2CkllbnExTFR6eGRLRFhpT3BpSU9QY2JrMUxrZTRhelBPRE5iT2VmQXcxc09QTzh3bC9sUnpyRFN2YmpWTzVoRnAKUkRFSWd5Nm0wemY4azhPd3doNS9ub2pJUUlIdXpOKzBuN1NpbWh3SW4vUTlNWXhDQ2FzdXg5bzdLb2VOanFuQgo3UUlZOVQ3SmJTbG5Oa3M1V080emh1MmhGQ2o1ai9ScGE4K09QdHFWZjVIdlY3YVVqRTB5ZmVtYUlwZFBseW5UCklGcFFuemUrUStsa1BVK1ExUjJkdzhZS1NPcDBUNnpLT0xGKy9DTThkbDhIdWZsdUVheWxUcEtycFd1RFVmRU0KVFMwSzZqNytnMjBVR0IzY2U5eXdndz09Ci0tLS0tRU5EIENFUlRJRklDQVRFLS0tLS0K"
              }
            ],
            "master_authorized_networks_config": [
              {
                "cidr_blocks": [
                  {
                    "cidr_block": "10.0.0.0/16",
                    "display_name": "vm-manage-cluster"
                  }
                ],
                "gcp_public_cidrs_access_enabled": false
              }
            ],
            "master_version": "1.27.3-gke.100",
            "mesh_certificates": [],
            "min_master_version": null,
            "monitoring_config": [
              {
                "advanced_datapath_observability_config": [
                  {
                    "enable_metrics": false,
                    "relay_mode": "DISABLED"
                  }
                ],
                "enable_components": [
                  "SYSTEM_COMPONENTS"
                ],
                "managed_prometheus": [
                  {
                    "enabled": true
                  }
                ]
              }
            ],
            "monitoring_service": "monitoring.googleapis.com/kubernetes",
            "name": "private-cluster",
            "network": "projects/amira-gcp-402316/global/networks/amira-vpc",
            "network_policy": [
              {
                "enabled": false,
                "provider": "PROVIDER_UNSPECIFIED"
              }
            ],
            "networking_mode": "VPC_NATIVE",
            "node_config": [],
            "node_locations": [
              "us-east4-a",
              "us-east4-b",
              "us-east4-c"
            ],
            "node_pool": [],
            "node_pool_auto_config": [],
            "node_pool_defaults": [
              {
                "node_config_defaults": [
                  {
                    "logging_variant": "DEFAULT"
                  }
                ]
              }
            ],
            "node_version": "1.27.3-gke.100",
            "notification_config": [
              {
                "pubsub": [
                  {
                    "enabled": false,
                    "filter": [],
                    "topic": ""
                  }
                ]
              }
            ],
            "operation": null,
            "private_cluster_config": [
              {
                "enable_private_endpoint": true,
                "enable_private_nodes": true,
                "master_global_access_config": [
                  {
                    "enabled": true
                  }
                ],
                "master_ipv4_cidr_block": "172.16.0.0/28",
                "peering_name": "gke-nd1b1a51ef65f4823a27-732b-6f45-peer",
                "private_endpoint": "172.16.0.2",
                "private_endpoint_subnetwork": "",
                "public_endpoint": "34.145.178.17"
              }
            ],
            "private_ipv6_google_access": "",
            "project": "amira-gcp-402316",
            "release_channel": [
              {
                "channel": "REGULAR"
              }
            ],
            "remove_default_node_pool": true,
            "resource_labels": null,
            "resource_usage_export_config": [],
            "security_posture_config": [
              {
                "mode": "BASIC",
                "vulnerability_mode": "VULNERABILITY_MODE_UNSPECIFIED"
              }
            ],
            "self_link": "https://container.googleapis.com/v1/projects/amira-gcp-402316/locations/us-east4/clusters/private-cluster",
            "service_external_ips_config": [
              {
                "enabled": false
              }
            ],
            "services_ipv4_cidr": "10.84.0.0/20",
            "subnetwork": "projects/amira-gcp-402316/regions/us-east4/subnetworks/cluster-subnet",
            "timeouts": null,
            "tpu_ipv4_cidr_block": "",
            "vertical_pod_autoscaling": [],
            "workload_identity_config": []
          },
          "sensitive_attributes": [],
          "private": "eyJlMmJmYjczMC1lY2FhLTExZTYtOGY4OC0zNDM2M2JjN2M0YzAiOnsiY3JlYXRlIjoyNDAwMDAwMDAwMDAwLCJkZWxldGUiOjI0MDAwMDAwMDAwMDAsInJlYWQiOjI0MDAwMDAwMDAwMDAsInVwZGF0ZSI6MzYwMDAwMDAwMDAwMH0sInNjaGVtYV92ZXJzaW9uIjoiMiJ9",
          "dependencies": [
            "module.mynetwork.google_compute_network.myvpc",
            "module.mynetwork.google_compute_subnetwork.mysubnet"
          ]
        }
      ]
    },
    {
      "module": "module.GKE",
      "mode": "managed",
      "type": "google_container_node_pool",
      "name": "privatecluster-node-pool",
      "provider": "provider[\"registry.terraform.io/hashicorp/google\"]",
      "instances": [
        {
          "schema_version": 1,
          "attributes": {
            "autoscaling": [],
            "cluster": "private-cluster",
            "id": "projects/amira-gcp-402316/locations/us-east4/clusters/private-cluster/nodePools/private-pool",
            "initial_node_count": 1,
            "instance_group_urls": [
              "https://www.googleapis.com/compute/v1/projects/amira-gcp-402316/zones/us-east4-a/instanceGroupManagers/gke-private-cluster-private-pool-c555ff42-grp",
              "https://www.googleapis.com/compute/v1/projects/amira-gcp-402316/zones/us-east4-b/instanceGroupManagers/gke-private-cluster-private-pool-ece62cc0-grp",
              "https://www.googleapis.com/compute/v1/projects/amira-gcp-402316/zones/us-east4-c/instanceGroupManagers/gke-private-cluster-private-pool-e1f5d086-grp"
            ],
            "location": "us-east4",
            "managed_instance_group_urls": [
              "https://www.googleapis.com/compute/v1/projects/amira-gcp-402316/zones/us-east4-a/instanceGroups/gke-private-cluster-private-pool-c555ff42-grp",
              "https://www.googleapis.com/compute/v1/projects/amira-gcp-402316/zones/us-east4-b/instanceGroups/gke-private-cluster-private-pool-ece62cc0-grp",
              "https://www.googleapis.com/compute/v1/projects/amira-gcp-402316/zones/us-east4-c/instanceGroups/gke-private-cluster-private-pool-e1f5d086-grp"
            ],
            "management": [
              {
                "auto_repair": true,
                "auto_upgrade": true
              }
            ],
            "max_pods_per_node": 110,
            "name": "private-pool",
            "name_prefix": "",
            "network_config": [
              {
                "create_pod_range": false,
                "enable_private_nodes": false,
                "pod_cidr_overprovision_config": [],
                "pod_ipv4_cidr_block": "10.80.0.0/14",
                "pod_range": "gke-private-cluster-pods-cfbcbf22"
              }
            ],
            "node_config": [
              {
                "advanced_machine_features": [],
                "boot_disk_kms_key": "",
                "confidential_nodes": [],
                "disk_size_gb": 100,
                "disk_type": "pd-balanced",
                "effective_taints": [],
                "ephemeral_storage_local_ssd_config": [],
                "fast_socket": [],
                "gcfs_config": [],
                "guest_accelerator": [],
                "gvnic": [],
                "host_maintenance_policy": [],
                "image_type": "COS_CONTAINERD",
                "kubelet_config": [],
                "labels": {},
                "linux_node_config": [],
                "local_nvme_ssd_block_config": [],
                "local_ssd_count": 0,
                "logging_variant": "DEFAULT",
                "machine_type": "e2-medium",
                "metadata": {
                  "disable-legacy-endpoints": "true"
                },
                "min_cpu_platform": "",
                "node_group": "",
                "oauth_scopes": [
                  "https://www.googleapis.com/auth/cloud-platform"
                ],
                "preemptible": true,
                "reservation_affinity": [],
                "resource_labels": null,
                "service_account": "gke-999sa@amira-gcp-402316.iam.gserviceaccount.com",
                "shielded_instance_config": [
                  {
                    "enable_integrity_monitoring": true,
                    "enable_secure_boot": false
                  }
                ],
                "sole_tenant_config": [],
                "spot": false,
                "tags": [
                  "gke-cluster"
                ],
                "taint": [],
                "workload_metadata_config": []
              }
            ],
            "node_count": 1,
            "node_locations": [
              "us-east4-a",
              "us-east4-b",
              "us-east4-c"
            ],
            "operation": null,
            "placement_policy": [],
            "project": "amira-gcp-402316",
            "timeouts": null,
            "upgrade_settings": [
              {
                "blue_green_settings": [],
                "max_surge": 1,
                "max_unavailable": 0,
                "strategy": "SURGE"
              }
            ],
            "version": "1.27.3-gke.100"
          },
          "sensitive_attributes": [],
          "private": "eyJlMmJmYjczMC1lY2FhLTExZTYtOGY4OC0zNDM2M2JjN2M0YzAiOnsiY3JlYXRlIjoxODAwMDAwMDAwMDAwLCJkZWxldGUiOjE4MDAwMDAwMDAwMDAsInVwZGF0ZSI6MTgwMDAwMDAwMDAwMH0sInNjaGVtYV92ZXJzaW9uIjoiMSJ9",
          "dependencies": [
            "module.GKE.google_container_cluster.privatecluster",
            "module.mynetwork.google_compute_network.myvpc",
            "module.mynetwork.google_compute_subnetwork.mysubnet",
            "module.service-account.google_service_account.sa"
          ]
        }
      ]
    },
    {
      "module": "module.mynetwork",
      "mode": "managed",
      "type": "google_compute_firewall",
      "name": "firewall-ssh",
      "provider": "provider[\"registry.terraform.io/hashicorp/google\"]",
      "instances": [
        {
          "schema_version": 1,
          "attributes": {
            "allow": [
              {
                "ports": [
                  "22"
                ],
                "protocol": "tcp"
              }
            ],
            "creation_timestamp": "2023-10-24T19:21:43.656-07:00",
            "deny": [],
            "description": "",
            "destination_ranges": [],
            "direction": "INGRESS",
            "disabled": false,
            "enable_logging": null,
            "id": "projects/amira-gcp-402316/global/firewalls/firewall-ssh",
            "log_config": [],
            "name": "firewall-ssh",
            "network": "https://www.googleapis.com/compute/v1/projects/amira-gcp-402316/global/networks/amira-vpc",
            "priority": 1000,
            "project": "amira-gcp-402316",
            "self_link": "https://www.googleapis.com/compute/v1/projects/amira-gcp-402316/global/firewalls/firewall-ssh",
            "source_ranges": [
              "35.235.240.0/20"
            ],
            "source_service_accounts": null,
            "source_tags": null,
            "target_service_accounts": null,
            "target_tags": [
              "private-vm"
            ],
            "timeouts": null
          },
          "sensitive_attributes": [],
          "private": "eyJlMmJmYjczMC1lY2FhLTExZTYtOGY4OC0zNDM2M2JjN2M0YzAiOnsiY3JlYXRlIjoxMjAwMDAwMDAwMDAwLCJkZWxldGUiOjEyMDAwMDAwMDAwMDAsInVwZGF0ZSI6MTIwMDAwMDAwMDAwMH0sInNjaGVtYV92ZXJzaW9uIjoiMSJ9",
          "dependencies": [
            "module.mynetwork.google_compute_network.myvpc"
          ]
        }
      ]
    },
    {
      "module": "module.mynetwork",
      "mode": "managed",
      "type": "google_compute_firewall",
      "name": "private-vm-to-gke",
      "provider": "provider[\"registry.terraform.io/hashicorp/google\"]",
      "instances": [
        {
          "schema_version": 1,
          "attributes": {
            "allow": [
              {
                "ports": [
                  "443"
                ],
                "protocol": "tcp"
              }
            ],
            "creation_timestamp": "2023-10-24T19:21:43.492-07:00",
            "deny": [],
            "description": "",
            "destination_ranges": [],
            "direction": "INGRESS",
            "disabled": false,
            "enable_logging": null,
            "id": "projects/amira-gcp-402316/global/firewalls/private-vm-to-gke",
            "log_config": [],
            "name": "private-vm-to-gke",
            "network": "https://www.googleapis.com/compute/v1/projects/amira-gcp-402316/global/networks/amira-vpc",
            "priority": 1000,
            "project": "amira-gcp-402316",
            "self_link": "https://www.googleapis.com/compute/v1/projects/amira-gcp-402316/global/firewalls/private-vm-to-gke",
            "source_ranges": [
              "10.0.0.0/24"
            ],
            "source_service_accounts": null,
            "source_tags": null,
            "target_service_accounts": null,
            "target_tags": [
              "gke-cluster"
            ],
            "timeouts": null
          },
          "sensitive_attributes": [],
          "private": "eyJlMmJmYjczMC1lY2FhLTExZTYtOGY4OC0zNDM2M2JjN2M0YzAiOnsiY3JlYXRlIjoxMjAwMDAwMDAwMDAwLCJkZWxldGUiOjEyMDAwMDAwMDAwMDAsInVwZGF0ZSI6MTIwMDAwMDAwMDAwMH0sInNjaGVtYV92ZXJzaW9uIjoiMSJ9",
          "dependencies": [
            "module.mynetwork.google_compute_network.myvpc"
          ]
        }
      ]
    },
    {
      "module": "module.mynetwork",
      "mode": "managed",
      "type": "google_compute_network",
      "name": "myvpc",
      "provider": "provider[\"registry.terraform.io/hashicorp/google\"]",
      "instances": [
        {
          "schema_version": 0,
          "attributes": {
            "auto_create_subnetworks": false,
            "delete_default_routes_on_create": false,
            "description": "",
            "enable_ula_internal_ipv6": false,
            "gateway_ipv4": "",
            "id": "projects/amira-gcp-402316/global/networks/amira-vpc",
            "internal_ipv6_range": "",
            "mtu": 0,
            "name": "amira-vpc",
            "network_firewall_policy_enforcement_order": "AFTER_CLASSIC_FIREWALL",
            "project": "amira-gcp-402316",
            "routing_mode": "REGIONAL",
            "self_link": "https://www.googleapis.com/compute/v1/projects/amira-gcp-402316/global/networks/amira-vpc",
            "timeouts": null
          },
          "sensitive_attributes": [],
          "private": "eyJlMmJmYjczMC1lY2FhLTExZTYtOGY4OC0zNDM2M2JjN2M0YzAiOnsiY3JlYXRlIjoxMjAwMDAwMDAwMDAwLCJkZWxldGUiOjEyMDAwMDAwMDAwMDAsInVwZGF0ZSI6MTIwMDAwMDAwMDAwMH19"
        }
      ]
    },
    {
      "module": "module.mynetwork",
      "mode": "managed",
      "type": "google_compute_router",
      "name": "myrouter",
      "provider": "provider[\"registry.terraform.io/hashicorp/google\"]",
      "instances": [
        {
          "schema_version": 0,
          "attributes": {
            "bgp": [
              {
                "advertise_mode": "DEFAULT",
                "advertised_groups": null,
                "advertised_ip_ranges": [],
                "asn": 64514,
                "keepalive_interval": 20
              }
            ],
            "creation_timestamp": "2023-10-24T19:21:56.554-07:00",
            "description": "",
            "encrypted_interconnect_router": false,
            "id": "projects/amira-gcp-402316/regions/us-east1/routers/amira-router",
            "name": "amira-router",
            "network": "https://www.googleapis.com/compute/v1/projects/amira-gcp-402316/global/networks/amira-vpc",
            "project": "amira-gcp-402316",
            "region": "us-east1",
            "self_link": "https://www.googleapis.com/compute/v1/projects/amira-gcp-402316/regions/us-east1/routers/amira-router",
            "timeouts": null
          },
          "sensitive_attributes": [],
          "private": "eyJlMmJmYjczMC1lY2FhLTExZTYtOGY4OC0zNDM2M2JjN2M0YzAiOnsiY3JlYXRlIjoxMjAwMDAwMDAwMDAwLCJkZWxldGUiOjEyMDAwMDAwMDAwMDAsInVwZGF0ZSI6MTIwMDAwMDAwMDAwMH19",
          "dependencies": [
            "module.mynetwork.google_compute_network.myvpc",
            "module.mynetwork.google_compute_subnetwork.mysubnet"
          ]
        }
      ]
    },
    {
      "module": "module.mynetwork",
      "mode": "managed",
      "type": "google_compute_router_nat",
      "name": "mynat",
      "provider": "provider[\"registry.terraform.io/hashicorp/google\"]",
      "instances": [
        {
          "schema_version": 0,
          "attributes": {
            "drain_nat_ips": null,
            "enable_dynamic_port_allocation": false,
            "enable_endpoint_independent_mapping": false,
            "icmp_idle_timeout_sec": 30,
            "id": "amira-gcp-402316/us-east1/amira-router/amira-router-nat",
            "log_config": [
              {
                "enable": true,
                "filter": "ERRORS_ONLY"
              }
            ],
            "max_ports_per_vm": 0,
            "min_ports_per_vm": 0,
            "name": "amira-router-nat",
            "nat_ip_allocate_option": "AUTO_ONLY",
            "nat_ips": null,
            "project": "amira-gcp-402316",
            "region": "us-east1",
            "router": "amira-router",
            "rules": [],
            "source_subnetwork_ip_ranges_to_nat": "ALL_SUBNETWORKS_ALL_IP_RANGES",
            "subnetwork": [],
            "tcp_established_idle_timeout_sec": 1200,
            "tcp_time_wait_timeout_sec": 120,
            "tcp_transitory_idle_timeout_sec": 30,
            "timeouts": null,
            "udp_idle_timeout_sec": 30
          },
          "sensitive_attributes": [],
          "private": "eyJlMmJmYjczMC1lY2FhLTExZTYtOGY4OC0zNDM2M2JjN2M0YzAiOnsiY3JlYXRlIjoxMjAwMDAwMDAwMDAwLCJkZWxldGUiOjEyMDAwMDAwMDAwMDAsInVwZGF0ZSI6MTIwMDAwMDAwMDAwMH19",
          "dependencies": [
            "module.mynetwork.google_compute_network.myvpc",
            "module.mynetwork.google_compute_router.myrouter",
            "module.mynetwork.google_compute_subnetwork.mysubnet"
          ]
        }
      ]
    },
    {
      "module": "module.mynetwork",
      "mode": "managed",
      "type": "google_compute_subnetwork",
      "name": "mysubnet",
      "provider": "provider[\"registry.terraform.io/hashicorp/google\"]",
      "instances": [
        {
          "index_key": 0,
          "schema_version": 0,
          "attributes": {
            "creation_timestamp": "2023-10-24T19:21:44.142-07:00",
            "description": "",
            "external_ipv6_prefix": "",
            "fingerprint": null,
            "gateway_address": "10.0.0.1",
            "id": "projects/amira-gcp-402316/regions/us-east1/subnetworks/vm-subnet",
            "internal_ipv6_prefix": "",
            "ip_cidr_range": "10.0.0.0/24",
            "ipv6_access_type": "",
            "ipv6_cidr_range": "",
            "log_config": [],
            "name": "vm-subnet",
            "network": "https://www.googleapis.com/compute/v1/projects/amira-gcp-402316/global/networks/amira-vpc",
            "private_ip_google_access": false,
            "private_ipv6_google_access": "DISABLE_GOOGLE_ACCESS",
            "project": "amira-gcp-402316",
            "purpose": "PRIVATE",
            "region": "us-east1",
            "role": "",
            "secondary_ip_range": [],
            "self_link": "https://www.googleapis.com/compute/v1/projects/amira-gcp-402316/regions/us-east1/subnetworks/vm-subnet",
            "stack_type": "IPV4_ONLY",
            "timeouts": null
          },
          "sensitive_attributes": [],
          "private": "eyJlMmJmYjczMC1lY2FhLTExZTYtOGY4OC0zNDM2M2JjN2M0YzAiOnsiY3JlYXRlIjoxMjAwMDAwMDAwMDAwLCJkZWxldGUiOjEyMDAwMDAwMDAwMDAsInVwZGF0ZSI6MTIwMDAwMDAwMDAwMH19",
          "dependencies": [
            "module.mynetwork.google_compute_network.myvpc"
          ]
        },
        {
          "index_key": 1,
          "schema_version": 0,
          "attributes": {
            "creation_timestamp": "2023-10-24T19:21:46.388-07:00",
            "description": "",
            "external_ipv6_prefix": "",
            "fingerprint": null,
            "gateway_address": "10.1.0.1",
            "id": "projects/amira-gcp-402316/regions/us-east4/subnetworks/cluster-subnet",
            "internal_ipv6_prefix": "",
            "ip_cidr_range": "10.1.0.0/24",
            "ipv6_access_type": "",
            "ipv6_cidr_range": "",
            "log_config": [],
            "name": "cluster-subnet",
            "network": "https://www.googleapis.com/compute/v1/projects/amira-gcp-402316/global/networks/amira-vpc",
            "private_ip_google_access": false,
            "private_ipv6_google_access": "DISABLE_GOOGLE_ACCESS",
            "project": "amira-gcp-402316",
            "purpose": "PRIVATE",
            "region": "us-east4",
            "role": "",
            "secondary_ip_range": [],
            "self_link": "https://www.googleapis.com/compute/v1/projects/amira-gcp-402316/regions/us-east4/subnetworks/cluster-subnet",
            "stack_type": "IPV4_ONLY",
            "timeouts": null
          },
          "sensitive_attributes": [],
          "private": "eyJlMmJmYjczMC1lY2FhLTExZTYtOGY4OC0zNDM2M2JjN2M0YzAiOnsiY3JlYXRlIjoxMjAwMDAwMDAwMDAwLCJkZWxldGUiOjEyMDAwMDAwMDAwMDAsInVwZGF0ZSI6MTIwMDAwMDAwMDAwMH19",
          "dependencies": [
            "module.mynetwork.google_compute_network.myvpc"
          ]
        }
      ]
    },
    {
      "module": "module.myvm",
      "mode": "managed",
      "type": "google_compute_instance",
      "name": "private-vm",
      "provider": "provider[\"registry.terraform.io/hashicorp/google\"]",
      "instances": [
        {
          "schema_version": 6,
          "attributes": {
            "advanced_machine_features": [],
            "allow_stopping_for_update": null,
            "attached_disk": [],
            "boot_disk": [
              {
                "auto_delete": true,
                "device_name": "persistent-disk-0",
                "disk_encryption_key_raw": "",
                "disk_encryption_key_sha256": "",
                "initialize_params": [
                  {
                    "image": "https://www.googleapis.com/compute/v1/projects/amira-gcp-402316/global/images/final3",
                    "labels": {},
                    "resource_manager_tags": null,
                    "size": 10,
                    "type": "pd-balanced"
                  }
                ],
                "kms_key_self_link": "",
                "mode": "READ_WRITE",
                "source": "https://www.googleapis.com/compute/v1/projects/amira-gcp-402316/zones/us-east1-b/disks/private-vm"
              }
            ],
            "can_ip_forward": false,
            "confidential_instance_config": [],
            "cpu_platform": "Intel Broadwell",
            "current_status": "RUNNING",
            "deletion_protection": false,
            "description": "",
            "desired_status": null,
            "effective_labels": {},
            "enable_display": false,
            "guest_accelerator": [],
            "hostname": "",
            "id": "projects/amira-gcp-402316/zones/us-east1-b/instances/private-vm",
            "instance_id": "3169313249117455658",
            "label_fingerprint": "42WmSpB8rSM=",
            "labels": null,
            "machine_type": "e2-medium",
            "metadata": null,
            "metadata_fingerprint": "QqZohCr7o44=",
            "metadata_startup_script": null,
            "min_cpu_platform": "",
            "name": "private-vm",
            "network_interface": [
              {
                "access_config": [],
                "alias_ip_range": [],
                "internal_ipv6_prefix_length": 0,
                "ipv6_access_config": [],
                "ipv6_access_type": "",
                "ipv6_address": "",
                "name": "nic0",
                "network": "https://www.googleapis.com/compute/v1/projects/amira-gcp-402316/global/networks/amira-vpc",
                "network_ip": "10.0.0.2",
                "nic_type": "",
                "queue_count": 0,
                "stack_type": "IPV4_ONLY",
                "subnetwork": "https://www.googleapis.com/compute/v1/projects/amira-gcp-402316/regions/us-east1/subnetworks/vm-subnet",
                "subnetwork_project": "amira-gcp-402316"
              }
            ],
            "network_performance_config": [],
            "params": [],
            "project": "amira-gcp-402316",
            "reservation_affinity": [],
            "resource_policies": null,
            "scheduling": [
              {
                "automatic_restart": true,
                "instance_termination_action": "",
                "local_ssd_recovery_timeout": [],
                "min_node_cpus": 0,
                "node_affinities": [],
                "on_host_maintenance": "MIGRATE",
                "preemptible": false,
                "provisioning_model": "STANDARD"
              }
            ],
            "scratch_disk": [],
            "self_link": "https://www.googleapis.com/compute/v1/projects/amira-gcp-402316/zones/us-east1-b/instances/private-vm",
            "service_account": [
              {
                "email": "vm-999sa@amira-gcp-402316.iam.gserviceaccount.com",
                "scopes": [
                  "https://www.googleapis.com/auth/cloud-platform"
                ]
              }
            ],
            "shielded_instance_config": [
              {
                "enable_integrity_monitoring": true,
                "enable_secure_boot": false,
                "enable_vtpm": true
              }
            ],
            "tags": [
              "private-vm"
            ],
            "tags_fingerprint": "t0YCq7AySBA=",
            "terraform_labels": {},
            "timeouts": null,
            "zone": "us-east1-b"
          },
          "sensitive_attributes": [],
          "private": "eyJlMmJmYjczMC1lY2FhLTExZTYtOGY4OC0zNDM2M2JjN2M0YzAiOnsiY3JlYXRlIjoxMjAwMDAwMDAwMDAwLCJkZWxldGUiOjEyMDAwMDAwMDAwMDAsInVwZGF0ZSI6MTIwMDAwMDAwMDAwMH0sInNjaGVtYV92ZXJzaW9uIjoiNiJ9",
          "dependencies": [
            "module.mynetwork.google_compute_network.myvpc",
            "module.mynetwork.google_compute_subnetwork.mysubnet",
            "module.service-account.google_service_account.sa"
          ]
        }
      ]
    },
    {
      "module": "module.service-account",
      "mode": "managed",
      "type": "google_project_iam_member",
      "name": "artifact-repo-role-admin",
      "provider": "provider[\"registry.terraform.io/hashicorp/google\"]",
      "instances": [
        {
          "schema_version": 0,
          "attributes": {
            "condition": [],
            "etag": "BwYIgR1m77Y=",
            "id": "amira-gcp-402316/roles/artifactregistry.repoAdmin/serviceAccount:gke-999sa@amira-gcp-402316.iam.gserviceaccount.com",
            "member": "serviceAccount:gke-999sa@amira-gcp-402316.iam.gserviceaccount.com",
            "project": "amira-gcp-402316",
            "role": "roles/artifactregistry.repoAdmin"
          },
          "sensitive_attributes": [],
          "private": "bnVsbA==",
          "dependencies": [
            "module.service-account.google_service_account.sa"
          ]
        }
      ]
    },
    {
      "module": "module.service-account",
      "mode": "managed",
      "type": "google_project_iam_member",
      "name": "artifact-role-admin",
      "provider": "provider[\"registry.terraform.io/hashicorp/google\"]",
      "instances": [
        {
          "schema_version": 0,
          "attributes": {
            "condition": [],
            "etag": "BwYIgRzdh10=",
            "id": "amira-gcp-402316/roles/artifactregistry.admin/serviceAccount:gke-999sa@amira-gcp-402316.iam.gserviceaccount.com",
            "member": "serviceAccount:gke-999sa@amira-gcp-402316.iam.gserviceaccount.com",
            "project": "amira-gcp-402316",
            "role": "roles/artifactregistry.admin"
          },
          "sensitive_attributes": [],
          "private": "bnVsbA==",
          "dependencies": [
            "module.service-account.google_service_account.sa"
          ]
        }
      ]
    },
    {
      "module": "module.service-account",
      "mode": "managed",
      "type": "google_project_iam_member",
      "name": "cloud-build-role-admin",
      "provider": "provider[\"registry.terraform.io/hashicorp/google\"]",
      "instances": [
        {
          "schema_version": 0,
          "attributes": {
            "condition": [],
            "etag": "BwYIgRzdh10=",
            "id": "amira-gcp-402316/roles/cloudbuild.builds.editor/serviceAccount:vm-999sa@amira-gcp-402316.iam.gserviceaccount.com",
            "member": "serviceAccount:vm-999sa@amira-gcp-402316.iam.gserviceaccount.com",
            "project": "amira-gcp-402316",
            "role": "roles/cloudbuild.builds.editor"
          },
          "sensitive_attributes": [],
          "private": "bnVsbA==",
          "dependencies": [
            "module.service-account.google_service_account.sa"
          ]
        }
      ]
    },
    {
      "module": "module.service-account",
      "mode": "managed",
      "type": "google_project_iam_member",
      "name": "container-role-admin",
      "provider": "provider[\"registry.terraform.io/hashicorp/google\"]",
      "instances": [
        {
          "schema_version": 0,
          "attributes": {
            "condition": [],
            "etag": "BwYIgRzdh10=",
            "id": "amira-gcp-402316/roles/container.admin/serviceAccount:vm-999sa@amira-gcp-402316.iam.gserviceaccount.com",
            "member": "serviceAccount:vm-999sa@amira-gcp-402316.iam.gserviceaccount.com",
            "project": "amira-gcp-402316",
            "role": "roles/container.admin"
          },
          "sensitive_attributes": [],
          "private": "bnVsbA==",
          "dependencies": [
            "module.service-account.google_service_account.sa"
          ]
        }
      ]
    },
    {
      "module": "module.service-account",
      "mode": "managed",
      "type": "google_project_iam_member",
      "name": "sa-with-roles",
      "provider": "provider[\"registry.terraform.io/hashicorp/google\"]",
      "instances": [
        {
          "index_key": 0,
          "schema_version": 0,
          "attributes": {
            "condition": [],
            "etag": "BwYIgR1m77Y=",
            "id": "amira-gcp-402316/roles/storage.objectAdmin/serviceAccount:vm-999sa@amira-gcp-402316.iam.gserviceaccount.com",
            "member": "serviceAccount:vm-999sa@amira-gcp-402316.iam.gserviceaccount.com",
            "project": "amira-gcp-402316",
            "role": "roles/storage.objectAdmin"
          },
          "sensitive_attributes": [],
          "private": "bnVsbA==",
          "dependencies": [
            "module.service-account.google_service_account.sa"
          ]
        },
        {
          "index_key": 1,
          "schema_version": 0,
          "attributes": {
            "condition": [],
            "etag": "BwYIgRzdh10=",
            "id": "amira-gcp-402316/roles/container.admin/serviceAccount:gke-999sa@amira-gcp-402316.iam.gserviceaccount.com",
            "member": "serviceAccount:gke-999sa@amira-gcp-402316.iam.gserviceaccount.com",
            "project": "amira-gcp-402316",
            "role": "roles/container.admin"
          },
          "sensitive_attributes": [],
          "private": "bnVsbA==",
          "dependencies": [
            "module.service-account.google_service_account.sa"
          ]
        }
      ]
    },
    {
      "module": "module.service-account",
      "mode": "managed",
      "type": "google_project_iam_member",
      "name": "storage-object-role-admin",
      "provider": "provider[\"registry.terraform.io/hashicorp/google\"]",
      "instances": [
        {
          "schema_version": 0,
          "attributes": {
            "condition": [],
            "etag": "BwYIgRzdh10=",
            "id": "amira-gcp-402316/roles/storage.objectAdmin/serviceAccount:vm-999sa@amira-gcp-402316.iam.gserviceaccount.com",
            "member": "serviceAccount:vm-999sa@amira-gcp-402316.iam.gserviceaccount.com",
            "project": "amira-gcp-402316",
            "role": "roles/storage.objectAdmin"
          },
          "sensitive_attributes": [],
          "private": "bnVsbA==",
          "dependencies": [
            "module.service-account.google_service_account.sa"
          ]
        }
      ]
    },
    {
      "module": "module.service-account",
      "mode": "managed",
      "type": "google_project_iam_member",
      "name": "storage-role-admin",
      "provider": "provider[\"registry.terraform.io/hashicorp/google\"]",
      "instances": [
        {
          "schema_version": 0,
          "attributes": {
            "condition": [],
            "etag": "BwYIgRzdh10=",
            "id": "amira-gcp-402316/roles/storage.admin/serviceAccount:vm-999sa@amira-gcp-402316.iam.gserviceaccount.com",
            "member": "serviceAccount:vm-999sa@amira-gcp-402316.iam.gserviceaccount.com",
            "project": "amira-gcp-402316",
            "role": "roles/storage.admin"
          },
          "sensitive_attributes": [],
          "private": "bnVsbA==",
          "dependencies": [
            "module.service-account.google_service_account.sa"
          ]
        }
      ]
    },
    {
      "module": "module.service-account",
      "mode": "managed",
      "type": "google_project_iam_member",
      "name": "vm-artifact-repo-role-admin",
      "provider": "provider[\"registry.terraform.io/hashicorp/google\"]",
      "instances": [
        {
          "schema_version": 0,
          "attributes": {
            "condition": [],
            "etag": "BwYIgRzdh10=",
            "id": "amira-gcp-402316/roles/artifactregistry.repoAdmin/serviceAccount:vm-999sa@amira-gcp-402316.iam.gserviceaccount.com",
            "member": "serviceAccount:vm-999sa@amira-gcp-402316.iam.gserviceaccount.com",
            "project": "amira-gcp-402316",
            "role": "roles/artifactregistry.repoAdmin"
          },
          "sensitive_attributes": [],
          "private": "bnVsbA==",
          "dependencies": [
            "module.service-account.google_service_account.sa"
          ]
        }
      ]
    },
    {
      "module": "module.service-account",
      "mode": "managed",
      "type": "google_project_iam_member",
      "name": "vm-artifact-role-admin",
      "provider": "provider[\"registry.terraform.io/hashicorp/google\"]",
      "instances": [
        {
          "schema_version": 0,
          "attributes": {
            "condition": [],
            "etag": "BwYIgRzdh10=",
            "id": "amira-gcp-402316/roles/artifactregistry.admin/serviceAccount:vm-999sa@amira-gcp-402316.iam.gserviceaccount.com",
            "member": "serviceAccount:vm-999sa@amira-gcp-402316.iam.gserviceaccount.com",
            "project": "amira-gcp-402316",
            "role": "roles/artifactregistry.admin"
          },
          "sensitive_attributes": [],
          "private": "bnVsbA==",
          "dependencies": [
            "module.service-account.google_service_account.sa"
          ]
        }
      ]
    },
    {
      "module": "module.service-account",
      "mode": "managed",
      "type": "google_service_account",
      "name": "sa",
      "provider": "provider[\"registry.terraform.io/hashicorp/google\"]",
      "instances": [
        {
          "index_key": 0,
          "schema_version": 0,
          "attributes": {
            "account_id": "vm-999sa",
            "description": "",
            "disabled": false,
            "display_name": "",
            "email": "vm-999sa@amira-gcp-402316.iam.gserviceaccount.com",
            "id": "projects/amira-gcp-402316/serviceAccounts/vm-999sa@amira-gcp-402316.iam.gserviceaccount.com",
            "member": "serviceAccount:vm-999sa@amira-gcp-402316.iam.gserviceaccount.com",
            "name": "projects/amira-gcp-402316/serviceAccounts/vm-999sa@amira-gcp-402316.iam.gserviceaccount.com",
            "project": "amira-gcp-402316",
            "timeouts": null,
            "unique_id": "111750403460555455442"
          },
          "sensitive_attributes": [],
          "private": "eyJlMmJmYjczMC1lY2FhLTExZTYtOGY4OC0zNDM2M2JjN2M0YzAiOnsiY3JlYXRlIjozMDAwMDAwMDAwMDB9fQ=="
        },
        {
          "index_key": 1,
          "schema_version": 0,
          "attributes": {
            "account_id": "gke-999sa",
            "description": "",
            "disabled": false,
            "display_name": "",
            "email": "gke-999sa@amira-gcp-402316.iam.gserviceaccount.com",
            "id": "projects/amira-gcp-402316/serviceAccounts/gke-999sa@amira-gcp-402316.iam.gserviceaccount.com",
            "member": "serviceAccount:gke-999sa@amira-gcp-402316.iam.gserviceaccount.com",
            "name": "projects/amira-gcp-402316/serviceAccounts/gke-999sa@amira-gcp-402316.iam.gserviceaccount.com",
            "project": "amira-gcp-402316",
            "timeouts": null,
            "unique_id": "108001081455705377856"
          },
          "sensitive_attributes": [],
          "private": "eyJlMmJmYjczMC1lY2FhLTExZTYtOGY4OC0zNDM2M2JjN2M0YzAiOnsiY3JlYXRlIjozMDAwMDAwMDAwMDB9fQ=="
        }
      ]
    },
    {
      "module": "module.storage",
      "mode": "managed",
      "type": "google_artifact_registry_repository",
      "name": "docker-images",
      "provider": "provider[\"registry.terraform.io/hashicorp/google\"]",
      "instances": [
        {
          "schema_version": 0,
          "attributes": {
            "create_time": "2023-10-25T02:21:30.281481Z",
            "description": "",
            "docker_config": [],
            "effective_labels": {},
            "format": "DOCKER",
            "id": "projects/amira-gcp-402316/locations/us-east4/repositories/amira-repo",
            "kms_key_name": "",
            "labels": null,
            "location": "us-east4",
            "maven_config": [],
            "mode": "STANDARD_REPOSITORY",
            "name": "amira-repo",
            "project": "amira-gcp-402316",
            "remote_repository_config": [],
            "repository_id": "amira-repo",
            "terraform_labels": {},
            "timeouts": null,
            "update_time": "2023-10-25T02:21:30.281481Z",
            "virtual_repository_config": []
          },
          "sensitive_attributes": [],
          "private": "eyJlMmJmYjczMC1lY2FhLTExZTYtOGY4OC0zNDM2M2JjN2M0YzAiOnsiY3JlYXRlIjoxMjAwMDAwMDAwMDAwLCJkZWxldGUiOjEyMDAwMDAwMDAwMDAsInVwZGF0ZSI6MTIwMDAwMDAwMDAwMH19"
        }
      ]
    }
  ],
  "check_results": null
}
